
Microsoft Visual Studio Solution File, Format Version 12.00
# Visual Studio Version 17
VisualStudioVersion = 17.12.35514.174
MinimumVisualStudioVersion = 10.0.40219.1
Project("{FAE04EC0-301F-11D3-BF4B-00C04F79EFBC}") = "veriables", "veriables\veriables.csproj", "{FD09F64C-B6A5-4CFF-AB3A-7AAF1FB19BC8}"
EndProject
Project("{FAE04EC0-301F-11D3-BF4B-00C04F79EFBC}") = "Conditionals", "Conditionals\Conditionals.csproj", "{455AA90B-F02F-40C7-A0B3-BF05465A01C8}"
EndProject
Project("{FAE04EC0-301F-11D3-BF4B-00C04F79EFBC}") = "Methods", "Methods\Methods.csproj", "{3B3FC2F1-2992-4815-A2EE-6C80C8E64960}"
EndProject
Project("{FAE04EC0-301F-11D3-BF4B-00C04F79EFBC}") = "Arrays", "Arrays\Arrays.csproj", "{C2BB6F0E-A702-4D59-8DC3-D41674571335}"
EndProject
Project("{FAE04EC0-301F-11D3-BF4B-00C04F79EFBC}") = "Loops", "Loops\Loops.csproj", "{84CEB629-F047-4674-AC86-96B6F443C0ED}"
EndProject
Project("{FAE04EC0-301F-11D3-BF4B-00C04F79EFBC}") = "Strings", "Strings\Strings.csproj", "{0F7BEBB1-775F-4D25-B018-6AB1721EEC8D}"
EndProject
Project("{FAE04EC0-301F-11D3-BF4B-00C04F79EFBC}") = "Classes", "Classes\Classes.csproj", "{41020C18-F764-4FCD-9DE6-44D7E395A792}"
EndProject
Project("{FAE04EC0-301F-11D3-BF4B-00C04F79EFBC}") = "RecapDemo1", "RecapDemo1\RecapDemo1.csproj", "{128F72E1-3BB4-43FE-9F46-BC5DE134C563}"
EndProject
Project("{FAE04EC0-301F-11D3-BF4B-00C04F79EFBC}") = "Interfaces", "Interfaces\Interfaces.csproj", "{509284A2-160B-4352-9965-032157F69156}"
EndProject
Project("{FAE04EC0-301F-11D3-BF4B-00C04F79EFBC}") = "InterfacesDemo", "InterfacesDemo\InterfacesDemo.csproj", "{849BB16F-F698-4E4D-A572-476728B88443}"
EndProject
Project("{FAE04EC0-301F-11D3-BF4B-00C04F79EFBC}") = "Inheritance", "Inheritance\Inheritance.csproj", "{9C63AEBD-2547-45A5-AAD3-2430F088AECC}"
EndProject
Project("{FAE04EC0-301F-11D3-BF4B-00C04F79EFBC}") = "VirtualMethods", "VirtualMethods\VirtualMethods.csproj", "{FE6EBAF5-26A6-4692-81EA-4389CCA6CDE5}"
EndProject
Project("{FAE04EC0-301F-11D3-BF4B-00C04F79EFBC}") = "AbstractClasses", "AbstractClasses\AbstractClasses.csproj", "{FB9F65C5-4A40-409C-902F-F27D99D16FFD}"
EndProject
Project("{FAE04EC0-301F-11D3-BF4B-00C04F79EFBC}") = "RecapDemo2", "RecapDemo2\RecapDemo2.csproj", "{75B703CD-73F0-4ED0-915B-2C24CFB1249B}"
EndProject
Global
	GlobalSection(SolutionConfigurationPlatforms) = preSolution
		Debug|Any CPU = Debug|Any CPU
		Release|Any CPU = Release|Any CPU
	EndGlobalSection
	GlobalSection(ProjectConfigurationPlatforms) = postSolution
		{FD09F64C-B6A5-4CFF-AB3A-7AAF1FB19BC8}.Debug|Any CPU.ActiveCfg = Debug|Any CPU
		{FD09F64C-B6A5-4CFF-AB3A-7AAF1FB19BC8}.Debug|Any CPU.Build.0 = Debug|Any CPU
		{FD09F64C-B6A5-4CFF-AB3A-7AAF1FB19BC8}.Release|Any CPU.ActiveCfg = Release|Any CPU
		{FD09F64C-B6A5-4CFF-AB3A-7AAF1FB19BC8}.Release|Any CPU.Build.0 = Release|Any CPU
		{455AA90B-F02F-40C7-A0B3-BF05465A01C8}.Debug|Any CPU.ActiveCfg = Debug|Any CPU
		{455AA90B-F02F-40C7-A0B3-BF05465A01C8}.Debug|Any CPU.Build.0 = Debug|Any CPU
		{455AA90B-F02F-40C7-A0B3-BF05465A01C8}.Release|Any CPU.ActiveCfg = Release|Any CPU
		{455AA90B-F02F-40C7-A0B3-BF05465A01C8}.Release|Any CPU.Build.0 = Release|Any CPU
		{3B3FC2F1-2992-4815-A2EE-6C80C8E64960}.Debug|Any CPU.ActiveCfg = Debug|Any CPU
		{3B3FC2F1-2992-4815-A2EE-6C80C8E64960}.Debug|Any CPU.Build.0 = Debug|Any CPU
		{3B3FC2F1-2992-4815-A2EE-6C80C8E64960}.Release|Any CPU.ActiveCfg = Release|Any CPU
		{3B3FC2F1-2992-4815-A2EE-6C80C8E64960}.Release|Any CPU.Build.0 = Release|Any CPU
		{C2BB6F0E-A702-4D59-8DC3-D41674571335}.Debug|Any CPU.ActiveCfg = Debug|Any CPU
		{C2BB6F0E-A702-4D59-8DC3-D41674571335}.Debug|Any CPU.Build.0 = Debug|Any CPU
		{C2BB6F0E-A702-4D59-8DC3-D41674571335}.Release|Any CPU.ActiveCfg = Release|Any CPU
		{C2BB6F0E-A702-4D59-8DC3-D41674571335}.Release|Any CPU.Build.0 = Release|Any CPU
		{84CEB629-F047-4674-AC86-96B6F443C0ED}.Debug|Any CPU.ActiveCfg = Debug|Any CPU
		{84CEB629-F047-4674-AC86-96B6F443C0ED}.Debug|Any CPU.Build.0 = Debug|Any CPU
		{84CEB629-F047-4674-AC86-96B6F443C0ED}.Release|Any CPU.ActiveCfg = Release|Any CPU
		{84CEB629-F047-4674-AC86-96B6F443C0ED}.Release|Any CPU.Build.0 = Release|Any CPU
		{0F7BEBB1-775F-4D25-B018-6AB1721EEC8D}.Debug|Any CPU.ActiveCfg = Debug|Any CPU
		{0F7BEBB1-775F-4D25-B018-6AB1721EEC8D}.Debug|Any CPU.Build.0 = Debug|Any CPU
		{0F7BEBB1-775F-4D25-B018-6AB1721EEC8D}.Release|Any CPU.ActiveCfg = Release|Any CPU
		{0F7BEBB1-775F-4D25-B018-6AB1721EEC8D}.Release|Any CPU.Build.0 = Release|Any CPU
		{41020C18-F764-4FCD-9DE6-44D7E395A792}.Debug|Any CPU.ActiveCfg = Debug|Any CPU
		{41020C18-F764-4FCD-9DE6-44D7E395A792}.Debug|Any CPU.Build.0 = Debug|Any CPU
		{41020C18-F764-4FCD-9DE6-44D7E395A792}.Release|Any CPU.ActiveCfg = Release|Any CPU
		{41020C18-F764-4FCD-9DE6-44D7E395A792}.Release|Any CPU.Build.0 = Release|Any CPU
		{128F72E1-3BB4-43FE-9F46-BC5DE134C563}.Debug|Any CPU.ActiveCfg = Debug|Any CPU
		{128F72E1-3BB4-43FE-9F46-BC5DE134C563}.Debug|Any CPU.Build.0 = Debug|Any CPU
		{128F72E1-3BB4-43FE-9F46-BC5DE134C563}.Release|Any CPU.ActiveCfg = Release|Any CPU
		{128F72E1-3BB4-43FE-9F46-BC5DE134C563}.Release|Any CPU.Build.0 = Release|Any CPU
		{509284A2-160B-4352-9965-032157F69156}.Debug|Any CPU.ActiveCfg = Debug|Any CPU
		{509284A2-160B-4352-9965-032157F69156}.Debug|Any CPU.Build.0 = Debug|Any CPU
		{509284A2-160B-4352-9965-032157F69156}.Release|Any CPU.ActiveCfg = Release|Any CPU
		{509284A2-160B-4352-9965-032157F69156}.Release|Any CPU.Build.0 = Release|Any CPU
		{849BB16F-F698-4E4D-A572-476728B88443}.Debug|Any CPU.ActiveCfg = Debug|Any CPU
		{849BB16F-F698-4E4D-A572-476728B88443}.Debug|Any CPU.Build.0 = Debug|Any CPU
		{849BB16F-F698-4E4D-A572-476728B88443}.Release|Any CPU.ActiveCfg = Release|Any CPU
		{849BB16F-F698-4E4D-A572-476728B88443}.Release|Any CPU.Build.0 = Release|Any CPU
		{9C63AEBD-2547-45A5-AAD3-2430F088AECC}.Debug|Any CPU.ActiveCfg = Debug|Any CPU
		{9C63AEBD-2547-45A5-AAD3-2430F088AECC}.Debug|Any CPU.Build.0 = Debug|Any CPU
		{9C63AEBD-2547-45A5-AAD3-2430F088AECC}.Release|Any CPU.ActiveCfg = Release|Any CPU
		{9C63AEBD-2547-45A5-AAD3-2430F088AECC}.Release|Any CPU.Build.0 = Release|Any CPU
		{FE6EBAF5-26A6-4692-81EA-4389CCA6CDE5}.Debug|Any CPU.ActiveCfg = Debug|Any CPU
		{FE6EBAF5-26A6-4692-81EA-4389CCA6CDE5}.Debug|Any CPU.Build.0 = Debug|Any CPU
		{FE6EBAF5-26A6-4692-81EA-4389CCA6CDE5}.Release|Any CPU.ActiveCfg = Release|Any CPU
		{FE6EBAF5-26A6-4692-81EA-4389CCA6CDE5}.Release|Any CPU.Build.0 = Release|Any CPU
		{FB9F65C5-4A40-409C-902F-F27D99D16FFD}.Debug|Any CPU.ActiveCfg = Debug|Any CPU
		{FB9F65C5-4A40-409C-902F-F27D99D16FFD}.Debug|Any CPU.Build.0 = Debug|Any CPU
		{FB9F65C5-4A40-409C-902F-F27D99D16FFD}.Release|Any CPU.ActiveCfg = Release|Any CPU
		{FB9F65C5-4A40-409C-902F-F27D99D16FFD}.Release|Any CPU.Build.0 = Release|Any CPU
		{75B703CD-73F0-4ED0-915B-2C24CFB1249B}.Debug|Any CPU.ActiveCfg = Debug|Any CPU
		{75B703CD-73F0-4ED0-915B-2C24CFB1249B}.Debug|Any CPU.Build.0 = Debug|Any CPU
		{75B703CD-73F0-4ED0-915B-2C24CFB1249B}.Release|Any CPU.ActiveCfg = Release|Any CPU
		{75B703CD-73F0-4ED0-915B-2C24CFB1249B}.Release|Any CPU.Build.0 = Release|Any CPU
	EndGlobalSection
	GlobalSection(SolutionProperties) = preSolution
		HideSolutionNode = FALSE
	EndGlobalSection
EndGlobal
